{
  "version": 4,
  "terraform_version": "1.11.4",
  "serial": 8,
  "lineage": "c424ab52-d975-fb94-7d9e-4761f46b862e",
  "outputs": {},
  "resources": [
    {
      "mode": "managed",
      "type": "azurerm_subnet",
      "name": "Block1",
      "provider": "provider[\"registry.terraform.io/hashicorp/azurerm\"]",
      "instances": [
        {
          "index_key": "subnet1",
          "schema_version": 0,
          "attributes": {
            "address_prefixes": [
              "10.0.0.0/27"
            ],
            "default_outbound_access_enabled": true,
            "delegation": [],
            "id": "/subscriptions/6da16843-2652-4f6e-b550-b4d1a16b30a9/resourceGroups/rg-prod-vnet-001/providers/Microsoft.Network/virtualNetworks/vnet-prod-001/subnets/FrontEnd_subnet_vnet1",
            "name": "FrontEnd_subnet_vnet1",
            "private_endpoint_network_policies": "Disabled",
            "private_link_service_network_policies_enabled": true,
            "resource_group_name": "rg-prod-vnet-001",
            "service_endpoint_policy_ids": null,
            "service_endpoints": null,
            "timeouts": null,
            "virtual_network_name": "vnet-prod-001"
          },
          "sensitive_attributes": [],
          "private": "eyJlMmJmYjczMC1lY2FhLTExZTYtOGY4OC0zNDM2M2JjN2M0YzAiOnsiY3JlYXRlIjoxODAwMDAwMDAwMDAwLCJkZWxldGUiOjE4MDAwMDAwMDAwMDAsInJlYWQiOjMwMDAwMDAwMDAwMCwidXBkYXRlIjoxODAwMDAwMDAwMDAwfX0="
        }
      ]
    }
  ],
  "check_results": null
}
